
Microsoft Visual Studio Solution File, Format Version 12.00
# Visual Studio 15
VisualStudioVersion = 15.0.27703.2035
MinimumVisualStudioVersion = 10.0.40219.1
Project("{9A19103F-16F7-4668-BE54-9A1E7A4F7556}") = "ApiWebApp", "ApiWebApp\ApiWebApp.csproj", "{6B2E899F-04F9-4A06-9FDA-50CA78A83EE8}"
EndProject
Project("{9A19103F-16F7-4668-BE54-9A1E7A4F7556}") = "AzureApiFunction", "AzureApiFunction\AzureApiFunction.csproj", "{A826C808-10EF-4C0A-A19D-EEB84363A19F}"
EndProject
Project("{FAE04EC0-301F-11D3-BF4B-00C04F79EFBC}") = "Helpers", "Helpers\Helpers.csproj", "{DE739E61-2BCB-45A8-9A48-EE62D47313B2}"
EndProject
Project("{FAE04EC0-301F-11D3-BF4B-00C04F79EFBC}") = "GraphQL.StartWars.Standard", "GraphQL.StartWars.Standard\GraphQL.StartWars.Standard.csproj", "{F4396777-1AB1-483E-B38B-94D6F5DB9C33}"
EndProject
Project("{FAE04EC0-301F-11D3-BF4B-00C04F79EFBC}") = "SimpleApiWebApp", "SimpleApiWebApp\SimpleApiWebApp.csproj", "{D8455503-EECE-4B32-9B15-37FF409D5F7D}"
EndProject
Global
	GlobalSection(SolutionConfigurationPlatforms) = preSolution
		Debug|Any CPU = Debug|Any CPU
		Release|Any CPU = Release|Any CPU
	EndGlobalSection
	GlobalSection(ProjectConfigurationPlatforms) = postSolution
		{6B2E899F-04F9-4A06-9FDA-50CA78A83EE8}.Debug|Any CPU.ActiveCfg = Debug|Any CPU
		{6B2E899F-04F9-4A06-9FDA-50CA78A83EE8}.Debug|Any CPU.Build.0 = Debug|Any CPU
		{6B2E899F-04F9-4A06-9FDA-50CA78A83EE8}.Release|Any CPU.ActiveCfg = Release|Any CPU
		{6B2E899F-04F9-4A06-9FDA-50CA78A83EE8}.Release|Any CPU.Build.0 = Release|Any CPU
		{A826C808-10EF-4C0A-A19D-EEB84363A19F}.Debug|Any CPU.ActiveCfg = Debug|Any CPU
		{A826C808-10EF-4C0A-A19D-EEB84363A19F}.Debug|Any CPU.Build.0 = Debug|Any CPU
		{A826C808-10EF-4C0A-A19D-EEB84363A19F}.Release|Any CPU.ActiveCfg = Release|Any CPU
		{A826C808-10EF-4C0A-A19D-EEB84363A19F}.Release|Any CPU.Build.0 = Release|Any CPU
		{DE739E61-2BCB-45A8-9A48-EE62D47313B2}.Debug|Any CPU.ActiveCfg = Debug|Any CPU
		{DE739E61-2BCB-45A8-9A48-EE62D47313B2}.Debug|Any CPU.Build.0 = Debug|Any CPU
		{DE739E61-2BCB-45A8-9A48-EE62D47313B2}.Release|Any CPU.ActiveCfg = Release|Any CPU
		{DE739E61-2BCB-45A8-9A48-EE62D47313B2}.Release|Any CPU.Build.0 = Release|Any CPU
		{F4396777-1AB1-483E-B38B-94D6F5DB9C33}.Debug|Any CPU.ActiveCfg = Debug|Any CPU
		{F4396777-1AB1-483E-B38B-94D6F5DB9C33}.Debug|Any CPU.Build.0 = Debug|Any CPU
		{F4396777-1AB1-483E-B38B-94D6F5DB9C33}.Release|Any CPU.ActiveCfg = Release|Any CPU
		{F4396777-1AB1-483E-B38B-94D6F5DB9C33}.Release|Any CPU.Build.0 = Release|Any CPU
		{D8455503-EECE-4B32-9B15-37FF409D5F7D}.Debug|Any CPU.ActiveCfg = Debug|Any CPU
		{D8455503-EECE-4B32-9B15-37FF409D5F7D}.Debug|Any CPU.Build.0 = Debug|Any CPU
		{D8455503-EECE-4B32-9B15-37FF409D5F7D}.Release|Any CPU.ActiveCfg = Release|Any CPU
		{D8455503-EECE-4B32-9B15-37FF409D5F7D}.Release|Any CPU.Build.0 = Release|Any CPU
	EndGlobalSection
	GlobalSection(SolutionProperties) = preSolution
		HideSolutionNode = FALSE
	EndGlobalSection
	GlobalSection(ExtensibilityGlobals) = postSolution
		SolutionGuid = {E25DB8C6-9CE2-49D6-B095-8B17E33AB572}
	EndGlobalSection
EndGlobal
